{
  "name": "AALJS",
  "version": "1.0.0",
  "lockfileVersion": 1,
  "requires": true,
  "dependencies": {
    "flatted": {
      "version": "3.0.4",
      "resolved": "https://registry.npmjs.org/flatted/-/flatted-3.0.4.tgz",
      "integrity": "sha512-4gZhsMc26tSiMgQ+0gRN818ST2KCkX/4EvqocCkE1+SRb7mapNk4KLSP+XAj02jc8rxuyD3DrmI3a0BQ/TNOpg=="
    }
  }
}
